// !$*UTF8*$!
{
	archiveVersion = 1;
	classes = {
	};
	objectVersion = 50;
	objects = {

/* Begin PBXBuildFile section */
		FCD1B5852244DD8E004212B1 /* AppDelegate.swift in Sources */ = {isa = PBXBuildFile; fileRef = FCD1B5842244DD8E004212B1 /* AppDelegate.swift */; };
		FCD1B5872244DD8E004212B1 /* ViewController.swift in Sources */ = {isa = PBXBuildFile; fileRef = FCD1B5862244DD8E004212B1 /* ViewController.swift */; };
		FCD1B58A2244DD8E004212B1 /* Main.storyboard in Resources */ = {isa = PBXBuildFile; fileRef = FCD1B5882244DD8E004212B1 /* Main.storyboard */; };
		FCD1B58C2244DD90004212B1 /* Assets.xcassets in Resources */ = {isa = PBXBuildFile; fileRef = FCD1B58B2244DD90004212B1 /* Assets.xcassets */; };
		FCD1B58F2244DD90004212B1 /* LaunchScreen.storyboard in Resources */ = {isa = PBXBuildFile; fileRef = FCD1B58D2244DD90004212B1 /* LaunchScreen.storyboard */; };
		FCDA1D7C2248E6630026865E /* OptionFirstViewController.swift in Sources */ = {isa = PBXBuildFile; fileRef = FCDA1D7B2248E6630026865E /* OptionFirstViewController.swift */; };
/* End PBXBuildFile section */

/* Begin PBXFileReference section */
		FCD1B5812244DD8E004212B1 /* NeverendingStory.app */ = {isa = PBXFileReference; explicitFileType = wrapper.application; includeInIndex = 0; path = NeverendingStory.app; sourceTree = BUILT_PRODUCTS_DIR; };
		FCD1B5842244DD8E004212B1 /* AppDelegate.swift */ = {isa = PBXFileReference; lastKnownFileType = sourcecode.swift; path = AppDelegate.swift; sourceTree = "<group>"; };
		FCD1B5862244DD8E004212B1 /* ViewController.swift */ = {isa = PBXFileReference; lastKnownFileType = sourcecode.swift; path = ViewController.swift; sourceTree = "<group>"; };
		FCD1B5892244DD8E004212B1 /* Base */ = {isa = PBXFileReference; lastKnownFileType = file.storyboard; name = Base; path = Base.lproj/Main.storyboard; sourceTree = "<group>"; };
		FCD1B58B2244DD90004212B1 /* Assets.xcassets */ = {isa = PBXFileReference; lastKnownFileType = folder.assetcatalog; path = Assets.xcassets; sourceTree = "<group>"; };
		FCD1B58E2244DD90004212B1 /* Base */ = {isa = PBXFileReference; lastKnownFileType = file.storyboard; name = Base; path = Base.lproj/LaunchScreen.storyboard; sourceTree = "<group>"; };
		FCD1B5902244DD90004212B1 /* Info.plist */ = {isa = PBXFileReference; lastKnownFileType = text.plist.xml; path = Info.plist; sourceTree = "<group>"; };
		FCDA1D7B2248E6630026865E /* OptionFirstViewController.swift */ = {isa = PBXFileReference; lastKnownFileType = sourcecode.swift; path = OptionFirstViewController.swift; sourceTree = "<group>"; };
/* End PBXFileReference section */

/* Begin PBXFrameworksBuildPhase section */
		FCD1B57E2244DD8E004212B1 /* Frameworks */ = {
			isa = PBXFrameworksBuildPhase;
			buildActionMask = 2147483647;
			files = (
			);
			runOnlyForDeploymentPostprocessing = 0;
		};
/* End PBXFrameworksBuildPhase section */

/* Begin PBXGroup section */
		FCD1B5782244DD8E004212B1 = {
			isa = PBXGroup;
			children = (
				FCD1B5832244DD8E004212B1 /* NeverendingStory */,
				FCD1B5822244DD8E004212B1 /* Products */,
			);
			sourceTree = "<group>";
		};
		FCD1B5822244DD8E004212B1 /* Products */ = {
			isa = PBXGroup;
			children = (
				FCD1B5812244DD8E004212B1 /* NeverendingStory.app */,
			);
			name = Products;
			sourceTree = "<group>";
		};
		FCD1B5832244DD8E004212B1 /* NeverendingStory */ = {
			isa = PBXGroup;
			children = (
				FCD1B5842244DD8E004212B1 /* AppDelegate.swift */,
				FCD1B5862244DD8E004212B1 /* ViewController.swift */,
				FCDA1D7B2248E6630026865E /* OptionFirstViewController.swift */,
				FCD1B5882244DD8E004212B1 /* Main.storyboard */,
				FCD1B58B2244DD90004212B1 /* Assets.xcassets */,
				FCD1B58D2244DD90004212B1 /* LaunchScreen.storyboard */,
				FCD1B5902244DD90004212B1 /* Info.plist */,
			);
			path = NeverendingStory;
			sourceTree = "<group>";
		};
/* End PBXGroup section */

/* Begin PBXNativeTarget section */
		FCD1B5802244DD8E004212B1 /* NeverendingStory */ = {
			isa = PBXNativeTarget;
			buildConfigurationList = FCD1B5932244DD90004212B1 /* Build configuration list for PBXNativeTarget "NeverendingStory" */;
			buildPhases = (
				FCD1B57D2244DD8E004212B1 /* Sources */,
				FCD1B57E2244DD8E004212B1 /* Frameworks */,
				FCD1B57F2244DD8E004212B1 /* Resources */,
			);
			buildRules = (
			);
			dependencies = (
			);
			name = NeverendingStory;
			productName = NeverendingStory;
			productReference = FCD1B5812244DD8E004212B1 /* NeverendingStory.app */;
			productType = "com.apple.product-type.application";
		};
/* End PBXNativeTarget section */

/* Begin PBXProject section */
		FCD1B5792244DD8E004212B1 /* Project object */ = {
			isa = PBXProject;
			attributes = {
				LastSwiftUpdateCheck = 1010;
				LastUpgradeCheck = 1010;
				ORGANIZATIONNAME = "Emily Hall";
				TargetAttributes = {
					FCD1B5802244DD8E004212B1 = {
						CreatedOnToolsVersion = 10.1;
					};
				};
			};
			buildConfigurationList = FCD1B57C2244DD8E004212B1 /* Build configuration list for PBXProject "NeverendingStory" */;
			compatibilityVersion = "Xcode 9.3";
			developmentRegion = en;
			hasScannedForEncodings = 0;
			knownRegions = (
				en,
				Base,
			);
			mainGroup = FCD1B5782244DD8E004212B1;
			productRefGroup = FCD1B5822244DD8E004212B1 /* Products */;
			projectDirPath = "";
			projectRoot = "";
			targets = (
				FCD1B5802244DD8E004212B1 /* NeverendingStory */,
			);
		};
/* End PBXProject section */

/* Begin PBXResourcesBuildPhase section */
		FCD1B57F2244DD8E004212B1 /* Resources */ = {
			isa = PBXResourcesBuildPhase;
			buildActionMask = 2147483647;
			files = (
				FCD1B58F2244DD90004212B1 /* LaunchScreen.storyboard in Resources */,
				FCD1B58C2244DD90004212B1 /* Assets.xcassets in Resources */,
				FCD1B58A2244DD8E004212B1 /* Main.storyboard in Resources */,
			);
			runOnlyForDeploymentPostprocessing = 0;
		};
/* End PBXResourcesBuildPhase section */

/* Begin PBXSourcesBuildPhase section */
		FCD1B57D2244DD8E004212B1 /* Sources */ = {
			isa = PBXSourcesBuildPhase;
			buildActionMask = 2147483647;
			files = (
				FCD1B5872244DD8E004212B1 /* ViewController.swift in Sources */,
				FCD1B5852244DD8E004212B1 /* AppDelegate.swift in Sources */,
				FCDA1D7C2248E6630026865E /* OptionFirstViewController.swift in Sources */,
			);
			runOnlyForDeploymentPostprocessing = 0;
		};
/* End PBXSourcesBuildPhase section */

/* Begin PBXVariantGroup section */
		FCD1B5882244DD8E004212B1 /* Main.storyboard */ = {
			isa = PBXVariantGroup;
			children = (
				FCD1B5892244DD8E004212B1 /* Base */,
			);
			name = Main.storyboard;
			sourceTree = "<group>";
		};
		FCD1B58D2244DD90004212B1 /* LaunchScreen.storyboard */ = {
			isa = PBXVariantGroup;
			children = (
				FCD1B58E2244DD90004212B1 /* Base */,
			);
			name = LaunchScreen.storyboard;
			sourceTree = "<group>";
		};
/* End PBXVariantGroup section */

/* Begin XCBuildConfiguration section */
		FCD1B5912244DD90004212B1 /* Debug */ = {
			isa = XCBuildConfiguration;
			buildSettings = {
				ALWAYS_SEARCH_USER_PATHS = NO;
				CLANG_ANALYZER_NONNULL = YES;
				CLANG_ANALYZER_NUMBER_OBJECT_CONVERSION = YES_AGGRESSIVE;
				CLANG_CXX_LANGUAGE_STANDARD = "gnu++14";
				CLANG_CXX_LIBRARY = "libc++";
				CLANG_ENABLE_MODULES = YES;
				CLANG_ENABLE_OBJC_ARC = YES;
				CLANG_ENABLE_OBJC_WEAK = YES;
				CLANG_WARN_BLOCK_CAPTURE_AUTORELEASING = YES;
				CLANG_WARN_BOOL_CONVERSION = YES;
				CLANG_WARN_COMMA = YES;
				CLANG_WARN_CONSTANT_CONVERSION = YES;
				CLANG_WARN_DEPRECATED_OBJC_IMPLEMENTATIONS = YES;
				CLANG_WARN_DIRECT_OBJC_ISA_USAGE = YES_ERROR;
				CLANG_WARN_DOCUMENTATION_COMMENTS = YES;
				CLANG_WARN_EMPTY_BODY = YES;
				CLANG_WARN_ENUM_CONVERSION = YES;
				CLANG_WARN_INFINITE_RECURSION = YES;
				CLANG_WARN_INT_CONVERSION = YES;
				CLANG_WARN_NON_LITERAL_NULL_CONVERSION = YES;
				CLANG_WARN_OBJC_IMPLICIT_RETAIN_SELF = YES;
				CLANG_WARN_OBJC_LITERAL_CONVERSION = YES;
				CLANG_WARN_OBJC_ROOT_CLASS = YES_ERROR;
				CLANG_WARN_RANGE_LOOP_ANALYSIS = YES;
				CLANG_WARN_STRICT_PROTOTYPES = YES;
				CLANG_WARN_SUSPICIOUS_MOVE = YES;
				CLANG_WARN_UNGUARDED_AVAILABILITY = YES_AGGRESSIVE;
				CLANG_WARN_UNREACHABLE_CODE = YES;
				CLANG_WARN__DUPLICATE_METHOD_MATCH = YES;
				CODE_SIGN_IDENTITY = "iPhone Developer";
				COPY_PHASE_STRIP = NO;
				DEBUG_INFORMATION_FORMAT = dwarf;
				ENABLE_STRICT_OBJC_MSGSEND = YES;
				ENABLE_TESTABILITY = YES;
				GCC_C_LANGUAGE_STANDARD = gnu11;
				GCC_DYNAMIC_NO_PIC = NO;
				GCC_NO_COMMON_BLOCKS = YES;
				GCC_OPTIMIZATION_LEVEL = 0;
				GCC_PREPROCESSOR_DEFINITIONS = (
					"DEBUG=1",
					"$(inherited)",
				);
				GCC_WARN_64_TO_32_BIT_CONVERSION = YES;
				GCC_WARN_ABOUT_RETURN_TYPE = YES_ERROR;
				GCC_WARN_UNDECLARED_SELECTOR = YES;
				GCC_WARN_UNINITIALIZED_AUTOS = YES_AGGRESSIVE;
				GCC_WARN_UNUSED_FUNCTION = YES;
				GCC_WARN_UNUSED_VARIABLE = YES;
				IPHONEOS_DEPLOYMENT_TARGET = 12.1;
				MTL_ENABLE_DEBUG_INFO = INCLUDE_SOURCE;
				MTL_FAST_MATH = YES;
				ONLY_ACTIVE_ARCH = YES;
				SDKROOT = iphoneos;
				SWIFT_ACTIVE_COMPILATION_CONDITIONS = DEBUG;
				SWIFT_OPTIMIZATION_LEVEL = "-Onone";
			};
			name = Debug;
		};
		FCD1B5922244DD90004212B1 /* Release */ = {
			isa = XCBuildConfiguration;
			buildSettings = {
				ALWAYS_SEARCH_USER_PATHS = NO;
				CLANG_ANALYZER_NONNULL = YES;
				CLANG_ANALYZER_NUMBER_OBJECT_CONVERSION = YES_AGGRESSIVE;
				CLANG_CXX_LANGUAGE_STANDARD = "gnu++14";
				CLANG_CXX_LIBRARY = "libc++";
				CLANG_ENABLE_MODULES = YES;
				CLANG_ENABLE_OBJC_ARC = YES;
				CLANG_ENABLE_OBJC_WEAK = YES;
				CLANG_WARN_BLOCK_CAPTURE_AUTORELEASING = YES;
				CLANG_WARN_BOOL_CONVERSION = YES;
				CLANG_WARN_COMMA = YES;
				CLANG_WARN_CONSTANT_CONVERSION = YES;
				CLANG_WARN_DEPRECATED_OBJC_IMPLEMENTATIONS = YES;
				CLANG_WARN_DIRECT_OBJC_ISA_USAGE = YES_ERROR;
				CLANG_WARN_DOCUMENTATION_COMMENTS = YES;
				CLANG_WARN_EMPTY_BODY = YES;
				CLANG_WARN_ENUM_CONVERSION = YES;
				CLANG_WARN_INFINITE_RECURSION = YES;
				CLANG_WARN_INT_CONVERSION = YES;
				CLANG_WARN_NON_LITERAL_NULL_CONVERSION = YES;
				CLANG_WARN_OBJC_IMPLICIT_RETAIN_SELF = YES;
				CLANG_WARN_OBJC_LITERAL_CONVERSION = YES;
				CLANG_WARN_OBJC_ROOT_CLASS = YES_ERROR;
				CLANG_WARN_RANGE_LOOP_ANALYSIS = YES;
				CLANG_WARN_STRICT_PROTOTYPES = YES;
				CLANG_WARN_SUSPICIOUS_MOVE = YES;
				CLANG_WARN_UNGUARDED_AVAILABILITY = YES_AGGRESSIVE;
				CLANG_WARN_UNREACHABLE_CODE = YES;
				CLANG_WARN__DUPLICATE_METHOD_MATCH = YES;
				CODE_SIGN_IDENTITY = "iPhone Developer";
				COPY_PHASE_STRIP = NO;
				DEBUG_INFORMATION_FORMAT = "dwarf-with-dsym";
				ENABLE_NS_ASSERTIONS = NO;
				ENABLE_STRICT_OBJC_MSGSEND = YES;
				GCC_C_LANGUAGE_STANDARD = gnu11;
				GCC_NO_COMMON_BLOCKS = YES;
				GCC_WARN_64_TO_32_BIT_CONVERSION = YES;
				GCC_WARN_ABOUT_RETURN_TYPE = YES_ERROR;
				GCC_WARN_UNDECLARED_SELECTOR = YES;
				GCC_WARN_UNINITIALIZED_AUTOS = YES_AGGRESSIVE;
				GCC_WARN_UNUSED_FUNCTION = YES;
				GCC_WARN_UNUSED_VARIABLE = YES;
				IPHONEOS_DEPLOYMENT_TARGET = 12.1;
				MTL_ENABLE_DEBUG_INFO = NO;
				MTL_FAST_MATH = YES;
				SDKROOT = iphoneos;
				SWIFT_COMPILATION_MODE = wholemodule;
				SWIFT_OPTIMIZATION_LEVEL = "-O";
				VALIDATE_PRODUCT = YES;
			};
			name = Release;
		};
		FCD1B5942244DD90004212B1 /* Debug */ = {
			isa = XCBuildConfiguration;
			buildSettings = {
				ASSETCATALOG_COMPILER_APPICON_NAME = AppIcon;
				CODE_SIGN_STYLE = Automatic;
				DEVELOPMENT_TEAM = U5NRCYADNC;
				INFOPLIST_FILE = NeverendingStory/Info.plist;
				LD_RUNPATH_SEARCH_PATHS = (
					"$(inherited)",
					"@executable_path/Frameworks",
				);
				PRODUCT_BUNDLE_IDENTIFIER = com.Emily.NeverendingStory;
				PRODUCT_NAME = "$(TARGET_NAME)";
				SWIFT_VERSION = 4.2;
				TARGETED_DEVICE_FAMILY = "1,2";
			};
			name = Debug;
		};
		FCD1B5952244DD90004212B1 /* Release */ = {
			isa = XCBuildConfiguration;
			buildSettings = {
				ASSETCATALOG_COMPILER_APPICON_NAME = AppIcon;
				CODE_SIGN_STYLE = Automatic;
				DEVELOPMENT_TEAM = U5NRCYADNC;
				INFOPLIST_FILE = NeverendingStory/Info.plist;
				LD_RUNPATH_SEARCH_PATHS = (
					"$(inherited)",
					"@executable_path/Frameworks",
				);
				PRODUCT_BUNDLE_IDENTIFIER = com.Emily.NeverendingStory;
				PRODUCT_NAME = "$(TARGET_NAME)";
				SWIFT_VERSION = 4.2;
				TARGETED_DEVICE_FAMILY = "1,2";
			};
			name = Release;
		};
/* End XCBuildConfiguration section */

/* Begin XCConfigurationList section */
		FCD1B57C2244DD8E004212B1 /* Build configuration list for PBXProject "NeverendingStory" */ = {
			isa = XCConfigurationList;
			buildConfigurations = (
				FCD1B5912244DD90004212B1 /* Debug */,
				FCD1B5922244DD90004212B1 /* Release */,
			);
			defaultConfigurationIsVisible = 0;
			defaultConfigurationName = Release;
		};
		FCD1B5932244DD90004212B1 /* Build configuration list for PBXNativeTarget "NeverendingStory" */ = {
			isa = XCConfigurationList;
			buildConfigurations = (
				FCD1B5942244DD90004212B1 /* Debug */,
				FCD1B5952244DD90004212B1 /* Release */,
			);
			defaultConfigurationIsVisible = 0;
			defaultConfigurationName = Release;
		};
/* End XCConfigurationList section */
	};
	rootObject = FCD1B5792244DD8E004212B1 /* Project object */;
}
